# This file is automatically @generated by Cargo.
# It is not intended for manual editing.
version = 4

[[package]]
name = "sepia"
version = "0.1.0"

[[package]]
name = "sepia-hash"
version = "0.1.0"

[[package]]
name = "sepia-mon"
version = "0.1.0"

[[package]]
name = "sepia-osd"
version = "0.1.0"

[[package]]
name = "sepia-straw2"
version = "0.1.0"
